mypy==1.15.0
    # via -r requirements/mypy.in
mypy-extensions==1.0.0
    # via mypy
tomli==2.2.1 ; python_version < "3.11"
    # via
    #   -c requirements/pins.in
    #   mypy
types-setuptools==82.0.0.20260518
    # via -r requirements/mypy.in
types-strictyaml==1.7.3.1
    # via -r requirements/mypy.in
typing-extensions==4.15.0 ; python_version < "3.11"
    # via
    #   -c requirements/pins.in
    #   mypy
